# THIS IS AN AUTOGENERATED FILE. DO NOT EDIT THIS FILE DIRECTLY.
# yarn lockfile v1


"@esbuild/android-arm64@0.19.2":
  version "0.19.2"
  resolved "https://registry.yarnpkg.com/@esbuild/android-arm64/-/android-arm64-0.19.2.tgz#bc35990f412a749e948b792825eef7df0ce0e073"
  integrity sha512-lsB65vAbe90I/Qe10OjkmrdxSX4UJDjosDgb8sZUKcg3oefEuW2OT2Vozz8ef7wrJbMcmhvCC+hciF8jY/uAkw==

"@esbuild/android-arm@0.19.2":
  version "0.19.2"
  resolved "https://registry.yarnpkg.com/@esbuild/android-arm/-/android-arm-0.19.2.tgz#edd1c8f23ba353c197f5b0337123c58ff2a56999"
  integrity sha512-tM8yLeYVe7pRyAu9VMi/Q7aunpLwD139EY1S99xbQkT4/q2qa6eA4ige/WJQYdJ8GBL1K33pPFhPfPdJ/WzT8Q==

"@esbuild/android-x64@0.19.2":
  version "0.19.2"
  resolved "https://registry.yarnpkg.com/@esbuild/android-x64/-/android-x64-0.19.2.tgz#2dcdd6e6f1f2d82ea1b746abd8da5b284960f35a"
  integrity sha512-qK/TpmHt2M/Hg82WXHRc/W/2SGo/l1thtDHZWqFq7oi24AjZ4O/CpPSu6ZuYKFkEgmZlFoa7CooAyYmuvnaG8w==

"@esbuild/darwin-arm64@0.19.2":
  version "0.19.2"
  resolved "https://registry.yarnpkg.com/@esbuild/darwin-arm64/-/darwin-arm64-0.19.2.tgz#55b36bc06d76f5c243987c1f93a11a80d8fc3b26"
  integrity sha512-Ora8JokrvrzEPEpZO18ZYXkH4asCdc1DLdcVy8TGf5eWtPO1Ie4WroEJzwI52ZGtpODy3+m0a2yEX9l+KUn0tA==

"@esbuild/darwin-x64@0.19.2":
  version "0.19.2"
  resolved "https://registry.yarnpkg.com/@esbuild/darwin-x64/-/darwin-x64-0.19.2.tgz#982524af33a6424a3b5cb44bbd52559623ad719c"
  integrity sha512-tP+B5UuIbbFMj2hQaUr6EALlHOIOmlLM2FK7jeFBobPy2ERdohI4Ka6ZFjZ1ZYsrHE/hZimGuU90jusRE0pwDw==

"@esbuild/freebsd-arm64@0.19.2":
  version "0.19.2"
  resolved "https://registry.yarnpkg.com/@esbuild/freebsd-arm64/-/freebsd-arm64-0.19.2.tgz#8e478a0856645265fe79eac4b31b52193011ee06"
  integrity sha512-YbPY2kc0acfzL1VPVK6EnAlig4f+l8xmq36OZkU0jzBVHcOTyQDhnKQaLzZudNJQyymd9OqQezeaBgkTGdTGeQ==

"@esbuild/freebsd-x64@0.19.2":
  version "0.19.2"
  resolved "https://registry.yarnpkg.com/@esbuild/freebsd-x64/-/freebsd-x64-0.19.2.tgz#01b96604f2540db023c73809bb8ae6cd1692d6f3"
  integrity sha512-nSO5uZT2clM6hosjWHAsS15hLrwCvIWx+b2e3lZ3MwbYSaXwvfO528OF+dLjas1g3bZonciivI8qKR/Hm7IWGw==

"@esbuild/linux-arm64@0.19.2":
  version "0.19.2"
  resolved "https://registry.yarnpkg.com/@esbuild/linux-arm64/-/linux-arm64-0.19.2.tgz#7e5d2c7864c5c83ec789b59c77cd9c20d2594916"
  integrity sha512-ig2P7GeG//zWlU0AggA3pV1h5gdix0MA3wgB+NsnBXViwiGgY77fuN9Wr5uoCrs2YzaYfogXgsWZbm+HGr09xg==

"@esbuild/linux-arm@0.19.2":
  version "0.19.2"
  resolved "https://registry.yarnpkg.com/@esbuild/linux-arm/-/linux-arm-0.19.2.tgz#c32ae97bc0246664a1cfbdb4a98e7b006d7db8ae"
  integrity sha512-Odalh8hICg7SOD7XCj0YLpYCEc+6mkoq63UnExDCiRA2wXEmGlK5JVrW50vZR9Qz4qkvqnHcpH+OFEggO3PgTg==

"@esbuild/linux-ia32@0.19.2":
  version "0.19.2"
  resolved "https://registry.yarnpkg.com/@esbuild/linux-ia32/-/linux-ia32-0.19.2.tgz#3fc4f0fa026057fe885e4a180b3956e704f1ceaa"
  integrity sha512-mLfp0ziRPOLSTek0Gd9T5B8AtzKAkoZE70fneiiyPlSnUKKI4lp+mGEnQXcQEHLJAcIYDPSyBvsUbKUG2ri/XQ==

"@esbuild/linux-loong64@0.19.2":
  version "0.19.2"
  resolved "https://registry.yarnpkg.com/@esbuild/linux-loong64/-/linux-loong64-0.19.2.tgz#633bcaea443f3505fb0ed109ab840c99ad3451a4"
  integrity sha512-hn28+JNDTxxCpnYjdDYVMNTR3SKavyLlCHHkufHV91fkewpIyQchS1d8wSbmXhs1fiYDpNww8KTFlJ1dHsxeSw==

"@esbuild/linux-mips64el@0.19.2":
  version "0.19.2"
  resolved "https://registry.yarnpkg.com/@esbuild/linux-mips64el/-/linux-mips64el-0.19.2.tgz#e0bff2898c46f52be7d4dbbcca8b887890805823"
  integrity sha512-KbXaC0Sejt7vD2fEgPoIKb6nxkfYW9OmFUK9XQE4//PvGIxNIfPk1NmlHmMg6f25x57rpmEFrn1OotASYIAaTg==

"@esbuild/linux-ppc64@0.19.2":
  version "0.19.2"
  resolved "https://registry.yarnpkg.com/@esbuild/linux-ppc64/-/linux-ppc64-0.19.2.tgz#d75798da391f54a9674f8c143b9a52d1dbfbfdde"
  integrity sha512-dJ0kE8KTqbiHtA3Fc/zn7lCd7pqVr4JcT0JqOnbj4LLzYnp+7h8Qi4yjfq42ZlHfhOCM42rBh0EwHYLL6LEzcw==

"@esbuild/linux-riscv64@0.19.2":
  version "0.19.2"
  resolved "https://registry.yarnpkg.com/@esbuild/linux-riscv64/-/linux-riscv64-0.19.2.tgz#012409bd489ed1bb9b775541d4a46c5ded8e6dd8"
  integrity sha512-7Z/jKNFufZ/bbu4INqqCN6DDlrmOTmdw6D0gH+6Y7auok2r02Ur661qPuXidPOJ+FSgbEeQnnAGgsVynfLuOEw==

"@esbuild/linux-s390x@0.19.2":
  version "0.19.2"
  resolved "https://registry.yarnpkg.com/@esbuild/linux-s390x/-/linux-s390x-0.19.2.tgz#ece3ed75c5a150de8a5c110f02e97d315761626b"
  integrity sha512-U+RinR6aXXABFCcAY4gSlv4CL1oOVvSSCdseQmGO66H+XyuQGZIUdhG56SZaDJQcLmrSfRmx5XZOWyCJPRqS7g==

"@esbuild/linux-x64@0.19.2":
  version "0.19.2"
  resolved "https://registry.yarnpkg.com/@esbuild/linux-x64/-/linux-x64-0.19.2.tgz#dea187019741602d57aaf189a80abba261fbd2aa"
  integrity sha512-oxzHTEv6VPm3XXNaHPyUTTte+3wGv7qVQtqaZCrgstI16gCuhNOtBXLEBkBREP57YTd68P0VgDgG73jSD8bwXQ==

"@esbuild/netbsd-x64@0.19.2":
  version "0.19.2"
  resolved "https://registry.yarnpkg.com/@esbuild/netbsd-x64/-/netbsd-x64-0.19.2.tgz#bbfd7cf9ab236a23ee3a41b26f0628c57623d92a"
  integrity sha512-WNa5zZk1XpTTwMDompZmvQLHszDDDN7lYjEHCUmAGB83Bgs20EMs7ICD+oKeT6xt4phV4NDdSi/8OfjPbSbZfQ==

"@esbuild/openbsd-x64@0.19.2":
  version "0.19.2"
  resolved "https://registry.yarnpkg.com/@esbuild/openbsd-x64/-/openbsd-x64-0.19.2.tgz#fa5c4c6ee52a360618f00053652e2902e1d7b4a7"
  integrity sha512-S6kI1aT3S++Dedb7vxIuUOb3oAxqxk2Rh5rOXOTYnzN8JzW1VzBd+IqPiSpgitu45042SYD3HCoEyhLKQcDFDw==

"@esbuild/sunos-x64@0.19.2":
  version "0.19.2"
  resolved "https://registry.yarnpkg.com/@esbuild/sunos-x64/-/sunos-x64-0.19.2.tgz#52a2ac8ac6284c02d25df22bb4cfde26fbddd68d"
  integrity sha512-VXSSMsmb+Z8LbsQGcBMiM+fYObDNRm8p7tkUDMPG/g4fhFX5DEFmjxIEa3N8Zr96SjsJ1woAhF0DUnS3MF3ARw==

"@esbuild/win32-arm64@0.19.2":
  version "0.19.2"
  resolved "https://registry.yarnpkg.com/@esbuild/win32-arm64/-/win32-arm64-0.19.2.tgz#719ed5870855de8537aef8149694a97d03486804"
  integrity sha512-5NayUlSAyb5PQYFAU9x3bHdsqB88RC3aM9lKDAz4X1mo/EchMIT1Q+pSeBXNgkfNmRecLXA0O8xP+x8V+g/LKg==

"@esbuild/win32-ia32@0.19.2":
  version "0.19.2"
  resolved "https://registry.yarnpkg.com/@esbuild/win32-ia32/-/win32-ia32-0.19.2.tgz#24832223880b0f581962c8660f8fb8797a1e046a"
  integrity sha512-47gL/ek1v36iN0wL9L4Q2MFdujR0poLZMJwhO2/N3gA89jgHp4MR8DKCmwYtGNksbfJb9JoTtbkoe6sDhg2QTA==

"@esbuild/win32-x64@0.19.2":
  version "0.19.2"
  resolved "https://registry.yarnpkg.com/@esbuild/win32-x64/-/win32-x64-0.19.2.tgz#1205014625790c7ff0e471644a878a65d1e34ab0"
  integrity sha512-tcuhV7ncXBqbt/Ybf0IyrMcwVOAPDckMK9rXNHtF17UTK18OKLpg08glminN06pt2WCoALhXdLfSPbVvK/6fxw==

ansi-styles@^4.1.0:
  version "4.3.0"
  resolved "https://registry.yarnpkg.com/ansi-styles/-/ansi-styles-4.3.0.tgz#edd803628ae71c04c85ae7a0906edad34b648937"
  integrity sha512-zbB9rCJAT1rbjiVDb2hqKFHNYLxgtk8NURxZ3IZwD3F6NtxbXZQCnnSi1Lkx+IDohdPlFp222wVALIheZJQSEg==
  dependencies:
    color-convert "^2.0.1"

chalk@^4.1.2:
  version "4.1.2"
  resolved "https://registry.yarnpkg.com/chalk/-/chalk-4.1.2.tgz#aac4e2b7734a740867aeb16bf02aad556a1e7a01"
  integrity sha512-oKnbhFyRIXpUuez8iBMmyEa4nbj4IOQyuhc/wy9kY7/WVPcwIO9VA668Pu8RkO7+0G76SLROeyw9CpQ061i4mA==
  dependencies:
    ansi-styles "^4.1.0"
    supports-color "^7.1.0"

color-convert@^2.0.1:
  version "2.0.1"
  resolved "https://registry.yarnpkg.com/color-convert/-/color-convert-2.0.1.tgz#72d3a68d598c9bdb3af2ad1e84f21d896abd4de3"
  integrity sha512-RRECPsj7iu/xb5oKYcsFHSppFNnsj/52OVTRKb4zP5onXwVF3zVmmToNcOfGC+CRDpfK/U584fMg38ZHCaElKQ==
  dependencies:
    color-name "~1.1.4"

color-name@~1.1.4:
  version "1.1.4"
  resolved "https://registry.yarnpkg.com/color-name/-/color-name-1.1.4.tgz#c2a09a87acbde69543de6f63fa3995c826c536a2"
  integrity sha512-dOy+3AuW3a2wNbZHIuMZpTcgjGuLU/uBL/ubcZF9OXbDo8ff4O8yVp5Bf0efS8uEoYo5q4Fx7dY9OgQGXgAsQA==

core-util-is@~1.0.0:
  version "1.0.3"
  resolved "https://registry.yarnpkg.com/core-util-is/-/core-util-is-1.0.3.tgz#a6042d3634c2b27e9328f837b965fac83808db85"
  integrity sha512-ZQBvi1DcpJ4GDqanjucZ2Hj3wEO5pZDS89BWbkcrvdxksJorwUDDZamX9ldFkp9aw2lmBDLgkObEA4DWNJ9FYQ==

cssauron@^1.1.0:
  version "1.4.0"
  resolved "https://registry.yarnpkg.com/cssauron/-/cssauron-1.4.0.tgz#a6602dff7e04a8306dc0db9a551e92e8b5662ad8"
  integrity sha512-Ht70DcFBh+/ekjVrYS2PlDMdSQEl3OFNmjK6lcn49HptBgilXf/Zwg4uFh9Xn0pX3Q8YOkSjIFOfK2osvdqpBw==
  dependencies:
    through X.X.X

duplexer2@~0.0.2:
  version "0.0.2"
  resolved "https://registry.yarnpkg.com/duplexer2/-/duplexer2-0.0.2.tgz#c614dcf67e2fb14995a91711e5a617e8a60a31db"
  integrity sha512-+AWBwjGadtksxjOQSFDhPNQbed7icNXApT4+2BNpsXzcCBiInq2H9XW0O8sfHFaPmnQRs7cg/P0fAr2IWQSW0g==
  dependencies:
    readable-stream "~1.1.9"

esbuild-plugin-spglsl@^0.0.3:
  version "0.0.3"
  resolved "https://registry.yarnpkg.com/esbuild-plugin-spglsl/-/esbuild-plugin-spglsl-0.0.3.tgz#f5a0101b42b2398c1eaa67e5c18c7d887b72bace"
  integrity sha512-QABQAiGzTeolfsnjaVWmHJu0XoCvjyLO05JuTy5uguZgcj8BDCw4sfvYkmkb2S1BUFde/E2dLwzq+O1ildj00w==

esbuild@^0.19.2:
  version "0.19.2"
  resolved "https://registry.yarnpkg.com/esbuild/-/esbuild-0.19.2.tgz#b1541828a89dfb6f840d38538767c6130dca2aac"
  integrity sha512-G6hPax8UbFakEj3hWO0Vs52LQ8k3lnBhxZWomUJDxfz3rZTLqF5k/FCzuNdLx2RbpBiQQF9H9onlDDH1lZsnjg==
  optionalDependencies:
    "@esbuild/android-arm" "0.19.2"
    "@esbuild/android-arm64" "0.19.2"
    "@esbuild/android-x64" "0.19.2"
    "@esbuild/darwin-arm64" "0.19.2"
    "@esbuild/darwin-x64" "0.19.2"
    "@esbuild/freebsd-arm64" "0.19.2"
    "@esbuild/freebsd-x64" "0.19.2"
    "@esbuild/linux-arm" "0.19.2"
    "@esbuild/linux-arm64" "0.19.2"
    "@esbuild/linux-ia32" "0.19.2"
    "@esbuild/linux-loong64" "0.19.2"
    "@esbuild/linux-mips64el" "0.19.2"
    "@esbuild/linux-ppc64" "0.19.2"
    "@esbuild/linux-riscv64" "0.19.2"
    "@esbuild/linux-s390x" "0.19.2"
    "@esbuild/linux-x64" "0.19.2"
    "@esbuild/netbsd-x64" "0.19.2"
    "@esbuild/openbsd-x64" "0.19.2"
    "@esbuild/sunos-x64" "0.19.2"
    "@esbuild/win32-arm64" "0.19.2"
    "@esbuild/win32-ia32" "0.19.2"
    "@esbuild/win32-x64" "0.19.2"

esm@^3.2.25:
  version "3.2.25"
  resolved "https://registry.yarnpkg.com/esm/-/esm-3.2.25.tgz#342c18c29d56157688ba5ce31f8431fbb795cc10"
  integrity sha512-U1suiZ2oDVWv4zPO56S0NcR5QriEahGtdN2OR6FiOG4WJvcjBVFB0qI4+eKoWFH483PKGuLuu6V8Z4T5g63UVA==

gl-matrix@^3.4.3:
  version "3.4.3"
  resolved "https://registry.yarnpkg.com/gl-matrix/-/gl-matrix-3.4.3.tgz#fc1191e8320009fd4d20e9339595c6041ddc22c9"
  integrity sha512-wcCp8vu8FT22BnvKVPjXa/ICBWRq/zjFfdofZy1WSpQZpphblv12/bOQLBC1rMM7SGOFS9ltVmKOHil5+Ml7gA==

has-flag@^4.0.0:
  version "4.0.0"
  resolved "https://registry.yarnpkg.com/has-flag/-/has-flag-4.0.0.tgz#944771fd9c81c81265c4d6941860da06bb59479b"
  integrity sha512-EykJT/Q1KjTWctppgIAgfSO0tKVuZUjhgMr17kqTumMl6Afv3EISleU7qZUzoXDFTAHTDC4NOoG/ZxU3EvlMPQ==

html-inline@^1.2.0:
  version "1.2.0"
  resolved "https://registry.yarnpkg.com/html-inline/-/html-inline-1.2.0.tgz#7854946a6f5c3122b993b81d3d37d6bd0600bec1"
  integrity sha512-7W6IV2bQVesdyJkrrZyu2Wk8jPQ1FyCa2y9xDURqHrCrI1HkJK85D1jzCuBTJhal6rQB+t3YBAqcDgSnohTzTw==
  dependencies:
    minimist "~1.1.0"
    through2 "~0.6.3"
    trumpet "~1.7.0"

html-select@^2.3.5:
  version "2.3.24"
  resolved "https://registry.yarnpkg.com/html-select/-/html-select-2.3.24.tgz#46ad6d712e732cf31c6739d5d0110a5fabf17585"
  integrity sha512-kQ+YZoVQ8Aux6bUqMVc0iufcZOv03+xYZ4J5v2beT5wkNrW/e2roZ8pnU4LunVOVBGFkbodFKR0TvuMkTdyrJQ==
  dependencies:
    cssauron "^1.1.0"
    duplexer2 "~0.0.2"
    inherits "^2.0.1"
    minimist "~0.0.8"
    readable-stream "^1.0.27-1"
    split "~0.3.0"
    stream-splicer "^1.2.0"
    through2 "^1.0.0"

html-tokenize@^1.1.1:
  version "1.2.5"
  resolved "https://registry.yarnpkg.com/html-tokenize/-/html-tokenize-1.2.5.tgz#7e5ba99ecb51ef906ec9a7fcdee6ca3267c7897e"
  integrity sha512-7sCme3w9Hiv/kfL6sO6ePTGAV5fY6P7WDZyOs0zfXXU8vsS1ps1CQfGe0J1yuAdcCnOJ9h66RLYX/e9Cife8yw==
  dependencies:
    inherits "~2.0.1"
    minimist "~0.0.8"
    readable-stream "~1.0.27-1"
    through2 "~0.4.1"

indexof@0.0.1:
  version "0.0.1"
  resolved "https://registry.yarnpkg.com/indexof/-/indexof-0.0.1.tgz#82dc336d232b9062179d05ab3293a66059fd435d"
  integrity sha512-i0G7hLJ1z0DE8dsqJa2rycj9dBmNKgXBvotXtZYXakU9oivfB9Uj2ZBC27qqef2U58/ZLwalxa1X/RDCdkHtVg==

inherits@^2.0.0, inherits@^2.0.1, inherits@~2.0.1:
  version "2.0.4"
  resolved "https://registry.yarnpkg.com/inherits/-/inherits-2.0.4.tgz#0fa2c64f932917c3433a0ded55363aae37416b7c"
  integrity sha512-k/vGaX4/Yla3WzyMCvTQOXYeIHvqOKtnqBduzTHpzpQZzAskKMhZ2K+EnBiSM9zGSoIFeMpXKxa4dYeZIQqewQ==

isarray@0.0.1, isarray@~0.0.1:
  version "0.0.1"
  resolved "https://registry.yarnpkg.com/isarray/-/isarray-0.0.1.tgz#8a18acfca9a8f4177e09abfc6038939b05d1eedf"
  integrity sha512-D2S+3GLxWH+uhrNEcoh/fnmYeP8E8/zHl644d/jdA0g2uyXvy3sb0qxotE+ne0LtccHknQzWwZEzhak7oJ0COQ==

minimist@~0.0.8:
  version "0.0.10"
  resolved "https://registry.yarnpkg.com/minimist/-/minimist-0.0.10.tgz#de3f98543dbf96082be48ad1a0c7cda836301dcf"
  integrity sha512-iotkTvxc+TwOm5Ieim8VnSNvCDjCK9S8G3scJ50ZthspSxa7jx50jkhYduuAtAjvfDUwSgOwf8+If99AlOEhyw==

minimist@~1.1.0:
  version "1.1.3"
  resolved "https://registry.yarnpkg.com/minimist/-/minimist-1.1.3.tgz#3bedfd91a92d39016fcfaa1c681e8faa1a1efda8"
  integrity sha512-2RbeLaM/Hbo9vJ1+iRrxzfDnX9108qb2m923U+s+Ot2eMey0IYGdSjzHmvtg2XsxoCuMnzOMw7qc573RvnLgwg==

object-keys@~0.4.0:
  version "0.4.0"
  resolved "https://registry.yarnpkg.com/object-keys/-/object-keys-0.4.0.tgz#28a6aae7428dd2c3a92f3d95f21335dd204e0336"
  integrity sha512-ncrLw+X55z7bkl5PnUvHwFK9FcGuFYo9gtjws2XtSzL+aZ8tm830P60WJ0dSmFVaSalWieW5MD7kEdnXda9yJw==

"readable-stream@>=1.0.33-1 <1.1.0-0", readable-stream@~1.0.17, readable-stream@~1.0.27-1:
  version "1.0.34"
  resolved "https://registry.yarnpkg.com/readable-stream/-/readable-stream-1.0.34.tgz#125820e34bc842d2f2aaafafe4c2916ee32c157c"
  integrity sha512-ok1qVCJuRkNmvebYikljxJA/UEsKwLl2nI1OmaqAu4/UE+h0wKCHok4XkL/gvi39OacXvw59RJUOFUkDib2rHg==
  dependencies:
    core-util-is "~1.0.0"
    inherits "~2.0.1"
    isarray "0.0.1"
    string_decoder "~0.10.x"

"readable-stream@>=1.1.13-1 <1.2.0-0", readable-stream@^1.0.27-1, readable-stream@^1.1.13-1, readable-stream@~1.1.9:
  version "1.1.14"
  resolved "https://registry.yarnpkg.com/readable-stream/-/readable-stream-1.1.14.tgz#7cf4c54ef648e3813084c636dd2079e166c081d9"
  integrity sha512-+MeVjFf4L44XUkhM1eYbD8fyEsxcV81pqMSR5gblfcLCHfZvbrqy4/qYHE+/R5HoBUT11WV5O08Cr1n3YXkWVQ==
  dependencies:
    core-util-is "~1.0.0"
    inherits "~2.0.1"
    isarray "0.0.1"
    string_decoder "~0.10.x"

readable-wrap@^1.0.0:
  version "1.0.0"
  resolved "https://registry.yarnpkg.com/readable-wrap/-/readable-wrap-1.0.0.tgz#3b5a211c631e12303a54991c806c17e7ae206bff"
  integrity sha512-/8n0Mr10S+HGKFygQ42Z40JIXwafPH3A72pwmlNClThgsImV5LJJiCue5Je1asxwY082sYxq/+kTxH6nTn0w3g==
  dependencies:
    readable-stream "^1.1.13-1"

roadroller@^2.1.0:
  version "2.1.0"
  resolved "https://registry.yarnpkg.com/roadroller/-/roadroller-2.1.0.tgz#bd1023a0f82f47aec2eefeb481e4b000524e57e9"
  integrity sha512-4YfrQgMWC9w5SGvA6xfu9JGktOqEu2pwf4UrTu8ggf9wEv+hI7aTPMBRKWsTIvjhP4txX6eq954j3MONfOKAKQ==
  dependencies:
    esm "^3.2.25"

spglsl@^0.2.7:
  version "0.2.7"
  resolved "https://registry.yarnpkg.com/spglsl/-/spglsl-0.2.7.tgz#e5a543e97bda259afef5fe8f2d8cf036cb4b961d"
  integrity sha512-LIXkGdc8QK++RSjtdwT4c4xTq0WRTbmCgh0FE6qik/ew5AAb/rjY/yvukC2kc/xEE1nso2yAxN5iDdnGivrgyw==
  dependencies:
    chalk "^4.1.2"

split@~0.3.0:
  version "0.3.3"
  resolved "https://registry.yarnpkg.com/split/-/split-0.3.3.tgz#cd0eea5e63a211dfff7eb0f091c4133e2d0dd28f"
  integrity sha512-wD2AeVmxXRBoX44wAycgjVpMhvbwdI2aZjCkvfNcH1YqHQvJVa1duWc73OyVGJUc05fhFaTZeQ/PYsrmyH0JVA==
  dependencies:
    through "2"

stream-splicer@^1.2.0:
  version "1.3.2"
  resolved "https://registry.yarnpkg.com/stream-splicer/-/stream-splicer-1.3.2.tgz#3c0441be15b9bf4e226275e6dc83964745546661"
  integrity sha512-nmUMEbdm/sZYqe9dZs7mqJvTYpunsDbIWI5FiBCMc/hMVd6vwzy+ITmo7C3gcLYqrn+uQ1w+EJwooWvJ997JAA==
  dependencies:
    indexof "0.0.1"
    inherits "^2.0.1"
    isarray "~0.0.1"
    readable-stream "^1.1.13-1"
    readable-wrap "^1.0.0"
    through2 "^1.0.0"

string_decoder@~0.10.x:
  version "0.10.31"
  resolved "https://registry.yarnpkg.com/string_decoder/-/string_decoder-0.10.31.tgz#62e203bc41766c6c28c9fc84301dab1c5310fa94"
  integrity sha512-ev2QzSzWPYmy9GuqfIVildA4OdcGLeFZQrq5ys6RtiuF+RQQiZWr8TZNyAcuVXyQRYfEO+MsoB/1BuQVhOJuoQ==

supports-color@^7.1.0:
  version "7.2.0"
  resolved "https://registry.yarnpkg.com/supports-color/-/supports-color-7.2.0.tgz#1b7dcdcb32b8138801b3e478ba6a51caa89648da"
  integrity sha512-qpCAvRl9stuOHveKsn7HncJRvv501qIacKzQlO/+Lwxc9+0q2wLyv4Dfvt80/DPn2pqOBsJdDiogXGR9+OvwRw==
  dependencies:
    has-flag "^4.0.0"

through2@^1.0.0:
  version "1.1.1"
  resolved "https://registry.yarnpkg.com/through2/-/through2-1.1.1.tgz#0847cbc4449f3405574dbdccd9bb841b83ac3545"
  integrity sha512-zEbpaeSMHxczpTzO1KkMHjBC1enTA68ojeaZGG4toqdASpb9t4xUZaYFBq2/9OHo5nTGFVSYd4c910OR+6wxbQ==
  dependencies:
    readable-stream ">=1.1.13-1 <1.2.0-0"
    xtend ">=4.0.0 <4.1.0-0"

through2@~0.4.1:
  version "0.4.2"
  resolved "https://registry.yarnpkg.com/through2/-/through2-0.4.2.tgz#dbf5866031151ec8352bb6c4db64a2292a840b9b"
  integrity sha512-45Llu+EwHKtAZYTPPVn3XZHBgakWMN3rokhEv5hu596XP+cNgplMg+Gj+1nmAvj+L0K7+N49zBKx5rah5u0QIQ==
  dependencies:
    readable-stream "~1.0.17"
    xtend "~2.1.1"

through2@~0.6.3:
  version "0.6.5"
  resolved "https://registry.yarnpkg.com/through2/-/through2-0.6.5.tgz#41ab9c67b29d57209071410e1d7a7a968cd3ad48"
  integrity sha512-RkK/CCESdTKQZHdmKICijdKKsCRVHs5KsLZ6pACAmF/1GPUQhonHSXWNERctxEp7RmvjdNbZTL5z9V7nSCXKcg==
  dependencies:
    readable-stream ">=1.0.33-1 <1.1.0-0"
    xtend ">=4.0.0 <4.1.0-0"

through@2, through@X.X.X:
  version "2.3.8"
  resolved "https://registry.yarnpkg.com/through/-/through-2.3.8.tgz#0dd4c9ffaabc357960b1b724115d7e0e86a2e1f5"
  integrity sha512-w89qg7PI8wAdvX60bMDP+bFoD5Dvhm9oLheFp5O4a2QF0cSBGsBX4qZmadPMvVqlLJBBci+WqGGOAPvcDeNSVg==

trumpet@~1.7.0:
  version "1.7.2"
  resolved "https://registry.yarnpkg.com/trumpet/-/trumpet-1.7.2.tgz#b02c69e465d171f55e44924bf9b5bdd20974c830"
  integrity sha512-hqVDLz5yp+vhRGjAvbomuo4+pjzQIbXe9JE/HPm9s4iEuf2Ew5jzgwQf+2HLpqFXZpRD8VgKPOYM8wyKmqIklg==
  dependencies:
    duplexer2 "~0.0.2"
    html-select "^2.3.5"
    html-tokenize "^1.1.1"
    inherits "^2.0.0"
    readable-stream "^1.0.27-1"
    through2 "^1.0.0"

uglify-js@^3.17.4:
  version "3.17.4"
  resolved "https://registry.yarnpkg.com/uglify-js/-/uglify-js-3.17.4.tgz#61678cf5fa3f5b7eb789bb345df29afb8257c22c"
  integrity sha512-T9q82TJI9e/C1TAxYvfb16xO120tMVFZrGA3f9/P4424DNu6ypK103y0GPFVa17yotwSyZW5iYXgjYHkGrJW/g==

"xtend@>=4.0.0 <4.1.0-0":
  version "4.0.2"
  resolved "https://registry.yarnpkg.com/xtend/-/xtend-4.0.2.tgz#bb72779f5fa465186b1f438f674fa347fdb5db54"
  integrity sha512-LKYU1iAXJXUgAXn9URjiu+MWhyUXHsvfp7mcuYm9dSUKK0/CjtrUwFAxD82/mCWbtLsGjFIad0wIsod4zrTAEQ==

xtend@~2.1.1:
  version "2.1.2"
  resolved "https://registry.yarnpkg.com/xtend/-/xtend-2.1.2.tgz#6efecc2a4dad8e6962c4901b337ce7ba87b5d28b"
  integrity sha512-vMNKzr2rHP9Dp/e1NQFnLQlwlhp9L/LfvnsVdHxN1f+uggyVI3i08uD14GPvCToPkdsRfyPqIyYGmIk58V98ZQ==
  dependencies:
    object-keys "~0.4.0"
